
Microsoft Visual Studio Solution File, Format Version 12.00
# Visual Studio Version 17
VisualStudioVersion = 17.8.34511.84
MinimumVisualStudioVersion = 10.0.40219.1
Project("{FAE04EC0-301F-11D3-BF4B-00C04F79EFBC}") = "MVC6", "MVC6\MVC6.csproj", "{39C7EDA3-A622-4F44-9E2B-E3C7531C3043}"
EndProject
Global
	GlobalSection(SolutionConfigurationPlatforms) = preSolution
		Debug|Any CPU = Debug|Any CPU
		Release|Any CPU = Release|Any CPU
	EndGlobalSection
	GlobalSection(ProjectConfigurationPlatforms) = postSolution
		{39C7EDA3-A622-4F44-9E2B-E3C7531C3043}.Debug|Any CPU.ActiveCfg = Debug|Any CPU
		{39C7EDA3-A622-4F44-9E2B-E3C7531C3043}.Debug|Any CPU.Build.0 = Debug|Any CPU
		{39C7EDA3-A622-4F44-9E2B-E3C7531C3043}.Release|Any CPU.ActiveCfg = Release|Any CPU
		{39C7EDA3-A622-4F44-9E2B-E3C7531C3043}.Release|Any CPU.Build.0 = Release|Any CPU
	EndGlobalSection
	GlobalSection(SolutionProperties) = preSolution
		HideSolutionNode = FALSE
	EndGlobalSection
	GlobalSection(ExtensibilityGlobals) = postSolution
		SolutionGuid = {A49C795D-CC32-4D07-A909-458E309C9D2A}
	EndGlobalSection
EndGlobal
